
Microsoft Visual Studio Solution File, Format Version 12.00
# Visual Studio 2012
Project("{FAE04EC0-301F-11D3-BF4B-00C04F79EFBC}") = "SimpleTextCalculator", "SimpleTextCalculator\SimpleTextCalculator.csproj", "{5DF47F78-5D33-4AF0-9057-CAE279D6B9D6}"
EndProject
Global
	GlobalSection(SolutionConfigurationPlatforms) = preSolution
		Debug|x86 = Debug|x86
		Release|x86 = Release|x86
	EndGlobalSection
	GlobalSection(ProjectConfigurationPlatforms) = postSolution
		{5DF47F78-5D33-4AF0-9057-CAE279D6B9D6}.Debug|x86.ActiveCfg = Debug|x86
		{5DF47F78-5D33-4AF0-9057-CAE279D6B9D6}.Debug|x86.Build.0 = Debug|x86
		{5DF47F78-5D33-4AF0-9057-CAE279D6B9D6}.Release|x86.ActiveCfg = Release|x86
		{5DF47F78-5D33-4AF0-9057-CAE279D6B9D6}.Release|x86.Build.0 = Release|x86
	EndGlobalSection
EndGlobal
